lockfileVersion: '9.0'

settings:
  autoInstallPeers: true
  excludeLinksFromLockfile: false

importers:

  .:
    devDependencies:
      '@earendil-works/pi-tui':
        specifier: 0.84.1
        version: 0.84.1

packages:

  '@earendil-works/pi-tui@0.84.1':
    resolution: {integrity: sha512-udeXFbgEhJ6JiB0uguwNVNkDy2FENfmtQwPcY+/iJ8GWeq18wkal1tKqa5YyeH0IqtX1vG0cGh8zfSYzyzVuLA==}
    engines: {node: '>=22.19.0'}

  get-east-asian-width@1.6.0:
    resolution: {integrity: sha512-QRbvDIbx6YklUe6RxeTeleMR0yv3cYH6PsPZHcnVn7xv7zO1BHN8r0XETu8n6Ye3Q+ahtSarc3WgtNWmehIBfA==}
    engines: {node: '>=18'}

  marked@18.0.5:
    resolution: {integrity: sha512-S6GcvALHg6K4ohtu4E7x0a1AqhAjp6cV8KhLSyN9qVapnzJkusVBxZRcIU9AeYsbe6P1hKDusSbEOzGyyuce6w==}
    engines: {node: '>= 20'}
    hasBin: true

snapshots:

  '@earendil-works/pi-tui@0.84.1':
    dependencies:
      get-east-asian-width: 1.6.0
      marked: 18.0.5

  get-east-asian-width@1.6.0: {}

  marked@18.0.5: {}
